
Microsoft Visual Studio Solution File, Format Version 12.00
# Visual Studio 15
VisualStudioVersion = 15.0.27130.2027
MinimumVisualStudioVersion = 10.0.40219.1
Project("{FAE04EC0-301F-11D3-BF4B-00C04F79EFBC}") = "calc", "calc\calc.csproj", "{6B94680B-7CE6-4EB5-ACEB-E972BD3C935C}"
EndProject
Global
	GlobalSection(SolutionConfigurationPlatforms) = preSolution
		Debug|Any CPU = Debug|Any CPU
		Release|Any CPU = Release|Any CPU
	EndGlobalSection
	GlobalSection(ProjectConfigurationPlatforms) = postSolution
		{6B94680B-7CE6-4EB5-ACEB-E972BD3C935C}.Debug|Any CPU.ActiveCfg = Debug|Any CPU
		{6B94680B-7CE6-4EB5-ACEB-E972BD3C935C}.Debug|Any CPU.Build.0 = Debug|Any CPU
		{6B94680B-7CE6-4EB5-ACEB-E972BD3C935C}.Release|Any CPU.ActiveCfg = Release|Any CPU
		{6B94680B-7CE6-4EB5-ACEB-E972BD3C935C}.Release|Any CPU.Build.0 = Release|Any CPU
	EndGlobalSection
	GlobalSection(SolutionProperties) = preSolution
		HideSolutionNode = FALSE
	EndGlobalSection
	GlobalSection(ExtensibilityGlobals) = postSolution
		SolutionGuid = {84675620-0FF4-46A4-9D6C-FFC04883A73B}
	EndGlobalSection
EndGlobal
