
Microsoft Visual Studio Solution File, Format Version 12.00
# Visual Studio 15
VisualStudioVersion = 15.0.27130.2027
MinimumVisualStudioVersion = 10.0.40219.1
Project("{FAE04EC0-301F-11D3-BF4B-00C04F79EFBC}") = "TextCalculator", "TextCalculator\TextCalculator.csproj", "{07FE1115-6F29-403E-B6B4-AA27CEE80C56}"
EndProject
Global
	GlobalSection(SolutionConfigurationPlatforms) = preSolution
		Debug|Any CPU = Debug|Any CPU
		Release|Any CPU = Release|Any CPU
	EndGlobalSection
	GlobalSection(ProjectConfigurationPlatforms) = postSolution
		{07FE1115-6F29-403E-B6B4-AA27CEE80C56}.Debug|Any CPU.ActiveCfg = Debug|Any CPU
		{07FE1115-6F29-403E-B6B4-AA27CEE80C56}.Debug|Any CPU.Build.0 = Debug|Any CPU
		{07FE1115-6F29-403E-B6B4-AA27CEE80C56}.Release|Any CPU.ActiveCfg = Release|Any CPU
		{07FE1115-6F29-403E-B6B4-AA27CEE80C56}.Release|Any CPU.Build.0 = Release|Any CPU
	EndGlobalSection
	GlobalSection(SolutionProperties) = preSolution
		HideSolutionNode = FALSE
	EndGlobalSection
	GlobalSection(ExtensibilityGlobals) = postSolution
		SolutionGuid = {8D6EF125-AD3C-4A8C-9020-3E63CF16B6DC}
	EndGlobalSection
EndGlobal
